
Microsoft Visual Studio Solution File, Format Version 12.00
# Visual Studio Version 16
VisualStudioVersion = 16.0.31424.327
MinimumVisualStudioVersion = 10.0.40219.1
Project("{FAE04EC0-301F-11D3-BF4B-00C04F79EFBC}") = "KeyBoard", "KeyBoard\KeyBoard.csproj", "{DDCCD0BD-43B7-4045-BA35-1636BD4E215F}"
EndProject
Global
	GlobalSection(SolutionConfigurationPlatforms) = preSolution
		Debug|Any CPU = Debug|Any CPU
		Debug|x64 = Debug|x64
		Debug|x86 = Debug|x86
		Release|Any CPU = Release|Any CPU
		Release|x64 = Release|x64
		Release|x86 = Release|x86
	EndGlobalSection
	GlobalSection(ProjectConfigurationPlatforms) = postSolution
		{DDCCD0BD-43B7-4045-BA35-1636BD4E215F}.Debug|Any CPU.ActiveCfg = Debug|Any CPU
		{DDCCD0BD-43B7-4045-BA35-1636BD4E215F}.Debug|Any CPU.Build.0 = Debug|Any CPU
		{DDCCD0BD-43B7-4045-BA35-1636BD4E215F}.Debug|x64.ActiveCfg = Debug|x64
		{DDCCD0BD-43B7-4045-BA35-1636BD4E215F}.Debug|x64.Build.0 = Debug|x64
		{DDCCD0BD-43B7-4045-BA35-1636BD4E215F}.Debug|x86.ActiveCfg = Debug|Any CPU
		{DDCCD0BD-43B7-4045-BA35-1636BD4E215F}.Debug|x86.Build.0 = Debug|Any CPU
		{DDCCD0BD-43B7-4045-BA35-1636BD4E215F}.Release|Any CPU.ActiveCfg = Release|Any CPU
		{DDCCD0BD-43B7-4045-BA35-1636BD4E215F}.Release|Any CPU.Build.0 = Release|Any CPU
		{DDCCD0BD-43B7-4045-BA35-1636BD4E215F}.Release|x64.ActiveCfg = Release|x64
		{DDCCD0BD-43B7-4045-BA35-1636BD4E215F}.Release|x64.Build.0 = Release|x64
		{DDCCD0BD-43B7-4045-BA35-1636BD4E215F}.Release|x86.ActiveCfg = Release|x86
		{DDCCD0BD-43B7-4045-BA35-1636BD4E215F}.Release|x86.Build.0 = Release|x86
	EndGlobalSection
	GlobalSection(SolutionProperties) = preSolution
		HideSolutionNode = FALSE
	EndGlobalSection
	GlobalSection(ExtensibilityGlobals) = postSolution
		SolutionGuid = {2E7D1808-96CC-4E7A-9B30-D0D42E876C29}
	EndGlobalSection
EndGlobal
